
Microsoft Visual Studio Solution File, Format Version 12.00
Project("{FAE04EC0-301F-11D3-BF4B-00C04F79EFBC}") = "02_WEB_API", "02_WEB_API\02_WEB_API.csproj", "{7078FA84-7247-4DD8-BB7D-9706CE154DDA}"
EndProject
Global
	GlobalSection(SolutionConfigurationPlatforms) = preSolution
		Debug|Any CPU = Debug|Any CPU
		Release|Any CPU = Release|Any CPU
	EndGlobalSection
	GlobalSection(ProjectConfigurationPlatforms) = postSolution
		{7078FA84-7247-4DD8-BB7D-9706CE154DDA}.Debug|Any CPU.ActiveCfg = Debug|Any CPU
		{7078FA84-7247-4DD8-BB7D-9706CE154DDA}.Debug|Any CPU.Build.0 = Debug|Any CPU
		{7078FA84-7247-4DD8-BB7D-9706CE154DDA}.Release|Any CPU.ActiveCfg = Release|Any CPU
		{7078FA84-7247-4DD8-BB7D-9706CE154DDA}.Release|Any CPU.Build.0 = Release|Any CPU
	EndGlobalSection
EndGlobal
